<?xml version="1.0" encoding="utf-8"?>
<Project ToolsVersion="4.0" xmlns="http://schemas.microsoft.com/developer/msbuild/2003">
  <ItemGroup>
    <ClCompile Include=".\src\sink\ThirdPartyConnector.cpp">
      <Filter>src</Filter>
    </ClCompile>
    <ClCompile Include=".\src\datastructure\DescriptorBuffer.cpp">
      <Filter>src</Filter>
    </ClCompile>
    <ClCompile Include=".\src\datastructure\Image.cpp">
      <Filter>src</Filter>
    </ClCompile>
    <ClCompile Include=".\src\datastructure\Keypoint.cpp">
      <Filter>src</Filter>
    </ClCompile>
    <ClCompile Include=".\src\core\Log.cpp">
      <Filter>src</Filter>
    </ClCompile>
    <ClCompile Include=".\src\datastructure\Pose.cpp">
      <Filter>src</Filter>
    </ClCompile>
    <ClCompile Include=".\src\core\SolARFramework.cpp">
      <Filter>src</Filter>
    </ClCompile>
    <ClCompile Include=".\src\datastructure\SquaredBinaryPattern.cpp">
      <Filter>src</Filter>
    </ClCompile>
  </ItemGroup>
  <ItemGroup>
    <Filter Include="src">
      <UniqueIdentifier>{aa45f57d-10b4-4da9-97ca-c3cd705f9f01}</UniqueIdentifier>
    </Filter>
    <Filter Include="interfaces">
      <UniqueIdentifier>{55471e5d-ab17-46f1-8409-4fb7ff648055}</UniqueIdentifier>
    </Filter>
    <Filter Include="interfaces\api">
      <UniqueIdentifier>{8dab040a-736d-43cc-8cdc-511058e41f0a}</UniqueIdentifier>
    </Filter>
    <Filter Include="interfaces\core">
      <UniqueIdentifier>{64ecc548-f89a-44fa-9f25-49654beda599}</UniqueIdentifier>
    </Filter>
    <Filter Include="interfaces\datastructure">
      <UniqueIdentifier>{61bfc8fb-8964-456e-bdd2-a9e9e9098038}</UniqueIdentifier>
    </Filter>
    <Filter Include="interfaces\api\display">
      <UniqueIdentifier>{94d934c7-438a-4400-937b-b00d58a8477f}</UniqueIdentifier>
    </Filter>
    <Filter Include="interfaces\api\features">
      <UniqueIdentifier>{daf4a2c3-501a-4d16-851a-9d00b8491e82}</UniqueIdentifier>
    </Filter>
    <Filter Include="interfaces\api\geom">
      <UniqueIdentifier>{bd06382d-6156-41e6-91c3-aabc6543caf6}</UniqueIdentifier>
    </Filter>
    <Filter Include="interfaces\api\image">
      <UniqueIdentifier>{419ddac3-a561-4990-b851-fa8ff3230240}</UniqueIdentifier>
    </Filter>
    <Filter Include="interfaces\api\input">
      <UniqueIdentifier>{4ab837ce-fae2-4e94-a3b0-91cdfa0d7b1a}</UniqueIdentifier>
    </Filter>
    <Filter Include="interfaces\api\sink">
      <UniqueIdentifier>{addb25c9-ae9f-4dbe-bbee-f03d131593f7}</UniqueIdentifier>
    </Filter>
    <Filter Include="interfaces\api\solver">
      <UniqueIdentifier>{3bf164ce-5085-4d32-87c2-fc2910b2d44a}</UniqueIdentifier>
    </Filter>
    <Filter Include="interfaces\api\input\devices">
      <UniqueIdentifier>{1fec97ed-89d5-4800-b585-786d0df213a9}</UniqueIdentifier>
    </Filter>
    <Filter Include="interfaces\api\input\files">
      <UniqueIdentifier>{5ed34df9-254d-410b-af43-d23bbc9c3e5d}</UniqueIdentifier>
    </Filter>
    <Filter Include="interfaces\api\solver\pose">
      <UniqueIdentifier>{c74abce5-a44a-4c66-8075-c26b0cc36e5e}</UniqueIdentifier>
    </Filter>
    <Filter Include="interfaces\api\solver\map">
      <UniqueIdentifier>{736415b8-69bf-4d69-bbb3-b2123d72d2e5}</UniqueIdentifier>
    </Filter>
  </ItemGroup>
  <ItemGroup>
    <ClInclude Include="interfaces\SharedBuffer.hpp">
      <Filter>interfaces</Filter>
    </ClInclude>
    <ClInclude Include="interfaces\SharedCircularBuffer.hpp">
      <Filter>interfaces</Filter>
    </ClInclude>
    <ClInclude Include="interfaces\SharedFifo.hpp">
      <Filter>interfaces</Filter>
    </ClInclude>
    <ClInclude Include="interfaces\datastructure\BufferInternal.hpp">
      <Filter>interfaces\datastructure</Filter>
    </ClInclude>
    <ClInclude Include="interfaces\datastructure\DescriptorBuffer.h">
      <Filter>interfaces\datastructure</Filter>
    </ClInclude>
    <ClInclude Include="interfaces\datastructure\DescriptorMatch.h">
      <Filter>interfaces\datastructure</Filter>
    </ClInclude>
    <ClInclude Include="interfaces\datastructure\GeometryDefinitions.h">
      <Filter>interfaces\datastructure</Filter>
    </ClInclude>
    <ClInclude Include="interfaces\datastructure\Image.h">
      <Filter>interfaces\datastructure</Filter>
    </ClInclude>
    <ClInclude Include="interfaces\datastructure\Keypoint.h">
      <Filter>interfaces\datastructure</Filter>
    </ClInclude>
    <ClInclude Include="interfaces\datastructure\MathDefinitions.h">
      <Filter>interfaces\datastructure</Filter>
    </ClInclude>
    <ClInclude Include="interfaces\datastructure\Pose.h">
      <Filter>interfaces\datastructure</Filter>
    </ClInclude>
    <ClInclude Include="interfaces\datastructure\SquaredBinaryPattern.h">
      <Filter>interfaces\datastructure</Filter>
    </ClInclude>
    <ClInclude Include="interfaces\core\Log.h">
      <Filter>interfaces\core</Filter>
    </ClInclude>
    <ClInclude Include="interfaces\core\Messages.h">
      <Filter>interfaces\core</Filter>
    </ClInclude>
    <ClInclude Include="interfaces\core\SolARFramework.h">
      <Filter>interfaces\core</Filter>
    </ClInclude>
    <ClInclude Include="interfaces\core\SolARFrameworkDefinitions.h">
      <Filter>interfaces\core</Filter>
    </ClInclude>
    <ClInclude Include="interfaces\api\display\I2DOverlay.h">
      <Filter>interfaces\api\display</Filter>
    </ClInclude>
    <ClInclude Include="interfaces\api\display\I3DOverlay.h">
      <Filter>interfaces\api\display</Filter>
    </ClInclude>
    <ClInclude Include="interfaces\api\display\IImageViewer.h">
      <Filter>interfaces\api\display</Filter>
    </ClInclude>
    <ClInclude Include="interfaces\api\display\ISideBySideOverlay.h">
      <Filter>interfaces\api\display</Filter>
    </ClInclude>
    <ClInclude Include="interfaces\api\features\IContoursExtractor.h">
      <Filter>interfaces\api\features</Filter>
    </ClInclude>
    <ClInclude Include="interfaces\api\features\IContoursFilter.h">
      <Filter>interfaces\api\features</Filter>
    </ClInclude>
    <ClInclude Include="interfaces\api\features\IDescriptorMatcher.h">
      <Filter>interfaces\api\features</Filter>
    </ClInclude>
    <ClInclude Include="interfaces\api\features\IDescriptorsExtractor.h">
      <Filter>interfaces\api\features</Filter>
    </ClInclude>
    <ClInclude Include="interfaces\api\features\IDescriptorsExtractorSBPattern.h">
      <Filter>interfaces\api\features</Filter>
    </ClInclude>
    <ClInclude Include="interfaces\api\features\IKeypointDetector.h">
      <Filter>interfaces\api\features</Filter>
    </ClInclude>
    <ClInclude Include="interfaces\api\features\IKeypointsReIndexer.h">
      <Filter>interfaces\api\features</Filter>
    </ClInclude>
    <ClInclude Include="interfaces\api\features\ISBPatternReIndexer.h">
      <Filter>interfaces\api\features</Filter>
    </ClInclude>
    <ClInclude Include="interfaces\api\geom\I2DTransform.h">
      <Filter>interfaces\api\geom</Filter>
    </ClInclude>
    <ClInclude Include="interfaces\api\geom\I3DTransform.h">
      <Filter>interfaces\api\geom</Filter>
    </ClInclude>
    <ClInclude Include="interfaces\api\geom\IImage2WorldMapper.h">
      <Filter>interfaces\api\geom</Filter>
    </ClInclude>
    <ClInclude Include="interfaces\api\image\IImageConvertor.h">
      <Filter>interfaces\api\image</Filter>
    </ClInclude>
    <ClInclude Include="interfaces\api\image\IImageFilter.h">
      <Filter>interfaces\api\image</Filter>
    </ClInclude>
    <ClInclude Include="interfaces\api\image\IImageLoader.h">
      <Filter>interfaces\api\image</Filter>
    </ClInclude>
    <ClInclude Include="interfaces\api\image\IPerspectiveController.h">
      <Filter>interfaces\api\image</Filter>
    </ClInclude>
    <ClInclude Include="interfaces\api\input\devices\ICamera.h">
      <Filter>interfaces\api\input\devices</Filter>
    </ClInclude>
    <ClInclude Include="interfaces\api\input\devices\ICameraCalibration.h">
      <Filter>interfaces\api\input\devices</Filter>
    </ClInclude>
    <ClInclude Include="interfaces\api\input\files\IMarker.h">
      <Filter>interfaces\api\input\files</Filter>
    </ClInclude>
    <ClInclude Include="interfaces\api\input\files\IMarker2DNaturalImage.h">
      <Filter>interfaces\api\input\files</Filter>
    </ClInclude>
    <ClInclude Include="interfaces\api\input\files\IMarker2DSquared.h">
      <Filter>interfaces\api\input\files</Filter>
    </ClInclude>
    <ClInclude Include="interfaces\api\input\files\IMarker2DSquaredBinary.h">
      <Filter>interfaces\api\input\files</Filter>
    </ClInclude>
    <ClInclude Include="interfaces\api\solver\pose\IHomographyEstimation.h">
      <Filter>interfaces\api\solver\pose</Filter>
    </ClInclude>
    <ClInclude Include="interfaces\api\solver\pose\IHomographyValidation.h">
      <Filter>interfaces\api\solver\pose</Filter>
    </ClInclude>
    <ClInclude Include="interfaces\api\solver\pose\IPoseEstimation.h">
      <Filter>interfaces\api\solver\pose</Filter>
    </ClInclude>
    <ClInclude Include="interfaces\api\sink\IThirdPartyConnector.h">
      <Filter>interfaces\api\sink</Filter>
    </ClInclude>
    <ClInclude Include="interfaces\api\sink\ThirdPartyConnector.h">
      <Filter>interfaces\api\sink</Filter>
    </ClInclude>
    <ClInclude Include="interfaces\api\solver\map\ITriangulator.h">
      <Filter>interfaces\api\solver\map</Filter>
    </ClInclude>
    <ClInclude Include="interfaces\api\features\IMatchesFilter.h">
      <Filter>interfaces\api\features</Filter>
    </ClInclude>
  </ItemGroup>
</Project>